
Microsoft Visual Studio Solution File, Format Version 12.00
# Visual Studio Version 16
VisualStudioVersion = 16.0.29509.3
MinimumVisualStudioVersion = 10.0.40219.1
Project("{FAE04EC0-301F-11D3-BF4B-00C04F79EFBC}") = "App2_Tarefa.UWP", "App2_Tarefa\App2_Tarefa.UWP\App2_Tarefa.UWP.csproj", "{1B3219B3-29E2-46F5-AD02-96C9A2094F25}"
EndProject
Project("{FAE04EC0-301F-11D3-BF4B-00C04F79EFBC}") = "App2_Tarefa.Android", "App2_Tarefa\App2_Tarefa.Android\App2_Tarefa.Android.csproj", "{49149796-7DCE-4840-A44C-485FAB33BBF9}"
EndProject
Project("{FAE04EC0-301F-11D3-BF4B-00C04F79EFBC}") = "App2_Tarefa.iOS", "App2_Tarefa\App2_Tarefa.iOS\App2_Tarefa.iOS.csproj", "{7F8423B6-67E2-4363-9C07-BD27172B09CC}"
EndProject
Project("{FAE04EC0-301F-11D3-BF4B-00C04F79EFBC}") = "App2_Tarefa", "App2_Tarefa\App2_Tarefa\App2_Tarefa.csproj", "{B5567DC6-DFEB-42F8-A397-8E945012D259}"
EndProject
Global
	GlobalSection(SolutionConfigurationPlatforms) = preSolution
		Debug|Any CPU = Debug|Any CPU
		Debug|ARM = Debug|ARM
		Debug|iPhone = Debug|iPhone
		Debug|iPhoneSimulator = Debug|iPhoneSimulator
		Debug|x64 = Debug|x64
		Debug|x86 = Debug|x86
		Release|Any CPU = Release|Any CPU
		Release|ARM = Release|ARM
		Release|iPhone = Release|iPhone
		Release|iPhoneSimulator = Release|iPhoneSimulator
		Release|x64 = Release|x64
		Release|x86 = Release|x86
	EndGlobalSection
	GlobalSection(ProjectConfigurationPlatforms) = postSolution
		{1B3219B3-29E2-46F5-AD02-96C9A2094F25}.Debug|Any CPU.ActiveCfg = Debug|x86
		{1B3219B3-29E2-46F5-AD02-96C9A2094F25}.Debug|Any CPU.Build.0 = Debug|x86
		{1B3219B3-29E2-46F5-AD02-96C9A2094F25}.Debug|Any CPU.Deploy.0 = Debug|x86
		{1B3219B3-29E2-46F5-AD02-96C9A2094F25}.Debug|ARM.ActiveCfg = Debug|ARM
		{1B3219B3-29E2-46F5-AD02-96C9A2094F25}.Debug|ARM.Build.0 = Debug|ARM
		{1B3219B3-29E2-46F5-AD02-96C9A2094F25}.Debug|ARM.Deploy.0 = Debug|ARM
		{1B3219B3-29E2-46F5-AD02-96C9A2094F25}.Debug|iPhone.ActiveCfg = Debug|x86
		{1B3219B3-29E2-46F5-AD02-96C9A2094F25}.Debug|iPhone.Build.0 = Debug|x86
		{1B3219B3-29E2-46F5-AD02-96C9A2094F25}.Debug|iPhone.Deploy.0 = Debug|x86
		{1B3219B3-29E2-46F5-AD02-96C9A2094F25}.Debug|iPhoneSimulator.ActiveCfg = Debug|x86
		{1B3219B3-29E2-46F5-AD02-96C9A2094F25}.Debug|iPhoneSimulator.Build.0 = Debug|x86
		{1B3219B3-29E2-46F5-AD02-96C9A2094F25}.Debug|iPhoneSimulator.Deploy.0 = Debug|x86
		{1B3219B3-29E2-46F5-AD02-96C9A2094F25}.Debug|x64.ActiveCfg = Debug|x64
		{1B3219B3-29E2-46F5-AD02-96C9A2094F25}.Debug|x64.Build.0 = Debug|x64
		{1B3219B3-29E2-46F5-AD02-96C9A2094F25}.Debug|x64.Deploy.0 = Debug|x64
		{1B3219B3-29E2-46F5-AD02-96C9A2094F25}.Debug|x86.ActiveCfg = Debug|x86
		{1B3219B3-29E2-46F5-AD02-96C9A2094F25}.Debug|x86.Build.0 = Debug|x86
		{1B3219B3-29E2-46F5-AD02-96C9A2094F25}.Debug|x86.Deploy.0 = Debug|x86
		{1B3219B3-29E2-46F5-AD02-96C9A2094F25}.Release|Any CPU.ActiveCfg = Release|x86
		{1B3219B3-29E2-46F5-AD02-96C9A2094F25}.Release|Any CPU.Build.0 = Release|x86
		{1B3219B3-29E2-46F5-AD02-96C9A2094F25}.Release|Any CPU.Deploy.0 = Release|x86
		{1B3219B3-29E2-46F5-AD02-96C9A2094F25}.Release|ARM.ActiveCfg = Release|ARM
		{1B3219B3-29E2-46F5-AD02-96C9A2094F25}.Release|ARM.Build.0 = Release|ARM
		{1B3219B3-29E2-46F5-AD02-96C9A2094F25}.Release|ARM.Deploy.0 = Release|ARM
		{1B3219B3-29E2-46F5-AD02-96C9A2094F25}.Release|iPhone.ActiveCfg = Release|x86
		{1B3219B3-29E2-46F5-AD02-96C9A2094F25}.Release|iPhone.Build.0 = Release|x86
		{1B3219B3-29E2-46F5-AD02-96C9A2094F25}.Release|iPhone.Deploy.0 = Release|x86
		{1B3219B3-29E2-46F5-AD02-96C9A2094F25}.Release|iPhoneSimulator.ActiveCfg = Release|x86
		{1B3219B3-29E2-46F5-AD02-96C9A2094F25}.Release|iPhoneSimulator.Build.0 = Release|x86
		{1B3219B3-29E2-46F5-AD02-96C9A2094F25}.Release|iPhoneSimulator.Deploy.0 = Release|x86
		{1B3219B3-29E2-46F5-AD02-96C9A2094F25}.Release|x64.ActiveCfg = Release|x64
		{1B3219B3-29E2-46F5-AD02-96C9A2094F25}.Release|x64.Build.0 = Release|x64
		{1B3219B3-29E2-46F5-AD02-96C9A2094F25}.Release|x64.Deploy.0 = Release|x64
		{1B3219B3-29E2-46F5-AD02-96C9A2094F25}.Release|x86.ActiveCfg = Release|x86
		{1B3219B3-29E2-46F5-AD02-96C9A2094F25}.Release|x86.Build.0 = Release|x86
		{1B3219B3-29E2-46F5-AD02-96C9A2094F25}.Release|x86.Deploy.0 = Release|x86
		{49149796-7DCE-4840-A44C-485FAB33BBF9}.Debug|Any CPU.ActiveCfg = Debug|Any CPU
		{49149796-7DCE-4840-A44C-485FAB33BBF9}.Debug|Any CPU.Build.0 = Debug|Any CPU
		{49149796-7DCE-4840-A44C-485FAB33BBF9}.Debug|Any CPU.Deploy.0 = Debug|Any CPU
		{49149796-7DCE-4840-A44C-485FAB33BBF9}.Debug|ARM.ActiveCfg = Debug|Any CPU
		{49149796-7DCE-4840-A44C-485FAB33BBF9}.Debug|ARM.Build.0 = Debug|Any CPU
		{49149796-7DCE-4840-A44C-485FAB33BBF9}.Debug|ARM.Deploy.0 = Debug|Any CPU
		{49149796-7DCE-4840-A44C-485FAB33BBF9}.Debug|iPhone.ActiveCfg = Debug|Any CPU
		{49149796-7DCE-4840-A44C-485FAB33BBF9}.Debug|iPhone.Build.0 = Debug|Any CPU
		{49149796-7DCE-4840-A44C-485FAB33BBF9}.Debug|iPhone.Deploy.0 = Debug|Any CPU
		{49149796-7DCE-4840-A44C-485FAB33BBF9}.Debug|iPhoneSimulator.ActiveCfg = Debug|Any CPU
		{49149796-7DCE-4840-A44C-485FAB33BBF9}.Debug|iPhoneSimulator.Build.0 = Debug|Any CPU
		{49149796-7DCE-4840-A44C-485FAB33BBF9}.Debug|iPhoneSimulator.Deploy.0 = Debug|Any CPU
		{49149796-7DCE-4840-A44C-485FAB33BBF9}.Debug|x64.ActiveCfg = Debug|Any CPU
		{49149796-7DCE-4840-A44C-485FAB33BBF9}.Debug|x64.Build.0 = Debug|Any CPU
		{49149796-7DCE-4840-A44C-485FAB33BBF9}.Debug|x64.Deploy.0 = Debug|Any CPU
		{49149796-7DCE-4840-A44C-485FAB33BBF9}.Debug|x86.ActiveCfg = Debug|Any CPU
		{49149796-7DCE-4840-A44C-485FAB33BBF9}.Debug|x86.Build.0 = Debug|Any CPU
		{49149796-7DCE-4840-A44C-485FAB33BBF9}.Debug|x86.Deploy.0 = Debug|Any CPU
		{49149796-7DCE-4840-A44C-485FAB33BBF9}.Release|Any CPU.ActiveCfg = Release|Any CPU
		{49149796-7DCE-4840-A44C-485FAB33BBF9}.Release|Any CPU.Build.0 = Release|Any CPU
		{49149796-7DCE-4840-A44C-485FAB33BBF9}.Release|Any CPU.Deploy.0 = Release|Any CPU
		{49149796-7DCE-4840-A44C-485FAB33BBF9}.Release|ARM.ActiveCfg = Release|Any CPU
		{49149796-7DCE-4840-A44C-485FAB33BBF9}.Release|ARM.Build.0 = Release|Any CPU
		{49149796-7DCE-4840-A44C-485FAB33BBF9}.Release|ARM.Deploy.0 = Release|Any CPU
		{49149796-7DCE-4840-A44C-485FAB33BBF9}.Release|iPhone.ActiveCfg = Release|Any CPU
		{49149796-7DCE-4840-A44C-485FAB33BBF9}.Release|iPhone.Build.0 = Release|Any CPU
		{49149796-7DCE-4840-A44C-485FAB33BBF9}.Release|iPhone.Deploy.0 = Release|Any CPU
		{49149796-7DCE-4840-A44C-485FAB33BBF9}.Release|iPhoneSimulator.ActiveCfg = Release|Any CPU
		{49149796-7DCE-4840-A44C-485FAB33BBF9}.Release|iPhoneSimulator.Build.0 = Release|Any CPU
		{49149796-7DCE-4840-A44C-485FAB33BBF9}.Release|iPhoneSimulator.Deploy.0 = Release|Any CPU
		{49149796-7DCE-4840-A44C-485FAB33BBF9}.Release|x64.ActiveCfg = Release|Any CPU
		{49149796-7DCE-4840-A44C-485FAB33BBF9}.Release|x64.Build.0 = Release|Any CPU
		{49149796-7DCE-4840-A44C-485FAB33BBF9}.Release|x64.Deploy.0 = Release|Any CPU
		{49149796-7DCE-4840-A44C-485FAB33BBF9}.Release|x86.ActiveCfg = Release|Any CPU
		{49149796-7DCE-4840-A44C-485FAB33BBF9}.Release|x86.Build.0 = Release|Any CPU
		{49149796-7DCE-4840-A44C-485FAB33BBF9}.Release|x86.Deploy.0 = Release|Any CPU
		{7F8423B6-67E2-4363-9C07-BD27172B09CC}.Debug|Any CPU.ActiveCfg = Debug|iPhone
		{7F8423B6-67E2-4363-9C07-BD27172B09CC}.Debug|Any CPU.Build.0 = Debug|iPhone
		{7F8423B6-67E2-4363-9C07-BD27172B09CC}.Debug|Any CPU.Deploy.0 = Debug|iPhone
		{7F8423B6-67E2-4363-9C07-BD27172B09CC}.Debug|ARM.ActiveCfg = Debug|iPhoneSimulator
		{7F8423B6-67E2-4363-9C07-BD27172B09CC}.Debug|ARM.Build.0 = Debug|iPhoneSimulator
		{7F8423B6-67E2-4363-9C07-BD27172B09CC}.Debug|ARM.Deploy.0 = Debug|iPhoneSimulator
		{7F8423B6-67E2-4363-9C07-BD27172B09CC}.Debug|iPhone.ActiveCfg = Debug|iPhone
		{7F8423B6-67E2-4363-9C07-BD27172B09CC}.Debug|iPhone.Build.0 = Debug|iPhone
		{7F8423B6-67E2-4363-9C07-BD27172B09CC}.Debug|iPhone.Deploy.0 = Debug|iPhone
		{7F8423B6-67E2-4363-9C07-BD27172B09CC}.Debug|iPhoneSimulator.ActiveCfg = Debug|iPhoneSimulator
		{7F8423B6-67E2-4363-9C07-BD27172B09CC}.Debug|iPhoneSimulator.Build.0 = Debug|iPhoneSimulator
		{7F8423B6-67E2-4363-9C07-BD27172B09CC}.Debug|iPhoneSimulator.Deploy.0 = Debug|iPhoneSimulator
		{7F8423B6-67E2-4363-9C07-BD27172B09CC}.Debug|x64.ActiveCfg = Debug|iPhone
		{7F8423B6-67E2-4363-9C07-BD27172B09CC}.Debug|x64.Build.0 = Debug|iPhone
		{7F8423B6-67E2-4363-9C07-BD27172B09CC}.Debug|x64.Deploy.0 = Debug|iPhone
		{7F8423B6-67E2-4363-9C07-BD27172B09CC}.Debug|x86.ActiveCfg = Debug|iPhone
		{7F8423B6-67E2-4363-9C07-BD27172B09CC}.Debug|x86.Build.0 = Debug|iPhone
		{7F8423B6-67E2-4363-9C07-BD27172B09CC}.Debug|x86.Deploy.0 = Debug|iPhone
		{7F8423B6-67E2-4363-9C07-BD27172B09CC}.Release|Any CPU.ActiveCfg = Release|iPhone
		{7F8423B6-67E2-4363-9C07-BD27172B09CC}.Release|Any CPU.Build.0 = Release|iPhone
		{7F8423B6-67E2-4363-9C07-BD27172B09CC}.Release|Any CPU.Deploy.0 = Release|iPhone
		{7F8423B6-67E2-4363-9C07-BD27172B09CC}.Release|ARM.ActiveCfg = Release|iPhone
		{7F8423B6-67E2-4363-9C07-BD27172B09CC}.Release|ARM.Build.0 = Release|iPhone
		{7F8423B6-67E2-4363-9C07-BD27172B09CC}.Release|ARM.Deploy.0 = Release|iPhone
		{7F8423B6-67E2-4363-9C07-BD27172B09CC}.Release|iPhone.ActiveCfg = Release|iPhone
		{7F8423B6-67E2-4363-9C07-BD27172B09CC}.Release|iPhone.Build.0 = Release|iPhone
		{7F8423B6-67E2-4363-9C07-BD27172B09CC}.Release|iPhone.Deploy.0 = Release|iPhone
		{7F8423B6-67E2-4363-9C07-BD27172B09CC}.Release|iPhoneSimulator.ActiveCfg = Release|iPhoneSimulator
		{7F8423B6-67E2-4363-9C07-BD27172B09CC}.Release|iPhoneSimulator.Build.0 = Release|iPhoneSimulator
		{7F8423B6-67E2-4363-9C07-BD27172B09CC}.Release|iPhoneSimulator.Deploy.0 = Release|iPhoneSimulator
		{7F8423B6-67E2-4363-9C07-BD27172B09CC}.Release|x64.ActiveCfg = Release|iPhone
		{7F8423B6-67E2-4363-9C07-BD27172B09CC}.Release|x64.Build.0 = Release|iPhone
		{7F8423B6-67E2-4363-9C07-BD27172B09CC}.Release|x64.Deploy.0 = Release|iPhone
		{7F8423B6-67E2-4363-9C07-BD27172B09CC}.Release|x86.ActiveCfg = Release|iPhone
		{7F8423B6-67E2-4363-9C07-BD27172B09CC}.Release|x86.Build.0 = Release|iPhone
		{7F8423B6-67E2-4363-9C07-BD27172B09CC}.Release|x86.Deploy.0 = Release|iPhone
		{B5567DC6-DFEB-42F8-A397-8E945012D259}.Debug|Any CPU.ActiveCfg = Debug|Any CPU
		{B5567DC6-DFEB-42F8-A397-8E945012D259}.Debug|Any CPU.Build.0 = Debug|Any CPU
		{B5567DC6-DFEB-42F8-A397-8E945012D259}.Debug|Any CPU.Deploy.0 = Debug|Any CPU
		{B5567DC6-DFEB-42F8-A397-8E945012D259}.Debug|ARM.ActiveCfg = Debug|Any CPU
		{B5567DC6-DFEB-42F8-A397-8E945012D259}.Debug|ARM.Build.0 = Debug|Any CPU
		{B5567DC6-DFEB-42F8-A397-8E945012D259}.Debug|ARM.Deploy.0 = Debug|Any CPU
		{B5567DC6-DFEB-42F8-A397-8E945012D259}.Debug|iPhone.ActiveCfg = Debug|Any CPU
		{B5567DC6-DFEB-42F8-A397-8E945012D259}.Debug|iPhone.Build.0 = Debug|Any CPU
		{B5567DC6-DFEB-42F8-A397-8E945012D259}.Debug|iPhone.Deploy.0 = Debug|Any CPU
		{B5567DC6-DFEB-42F8-A397-8E945012D259}.Debug|iPhoneSimulator.ActiveCfg = Debug|Any CPU
		{B5567DC6-DFEB-42F8-A397-8E945012D259}.Debug|iPhoneSimulator.Build.0 = Debug|Any CPU
		{B5567DC6-DFEB-42F8-A397-8E945012D259}.Debug|iPhoneSimulator.Deploy.0 = Debug|Any CPU
		{B5567DC6-DFEB-42F8-A397-8E945012D259}.Debug|x64.ActiveCfg = Debug|Any CPU
		{B5567DC6-DFEB-42F8-A397-8E945012D259}.Debug|x64.Build.0 = Debug|Any CPU
		{B5567DC6-DFEB-42F8-A397-8E945012D259}.Debug|x64.Deploy.0 = Debug|Any CPU
		{B5567DC6-DFEB-42F8-A397-8E945012D259}.Debug|x86.ActiveCfg = Debug|Any CPU
		{B5567DC6-DFEB-42F8-A397-8E945012D259}.Debug|x86.Build.0 = Debug|Any CPU
		{B5567DC6-DFEB-42F8-A397-8E945012D259}.Debug|x86.Deploy.0 = Debug|Any CPU
		{B5567DC6-DFEB-42F8-A397-8E945012D259}.Release|Any CPU.ActiveCfg = Release|Any CPU
		{B5567DC6-DFEB-42F8-A397-8E945012D259}.Release|Any CPU.Build.0 = Release|Any CPU
		{B5567DC6-DFEB-42F8-A397-8E945012D259}.Release|Any CPU.Deploy.0 = Release|Any CPU
		{B5567DC6-DFEB-42F8-A397-8E945012D259}.Release|ARM.ActiveCfg = Release|Any CPU
		{B5567DC6-DFEB-42F8-A397-8E945012D259}.Release|ARM.Build.0 = Release|Any CPU
		{B5567DC6-DFEB-42F8-A397-8E945012D259}.Release|ARM.Deploy.0 = Release|Any CPU
		{B5567DC6-DFEB-42F8-A397-8E945012D259}.Release|iPhone.ActiveCfg = Release|Any CPU
		{B5567DC6-DFEB-42F8-A397-8E945012D259}.Release|iPhone.Build.0 = Release|Any CPU
		{B5567DC6-DFEB-42F8-A397-8E945012D259}.Release|iPhone.Deploy.0 = Release|Any CPU
		{B5567DC6-DFEB-42F8-A397-8E945012D259}.Release|iPhoneSimulator.ActiveCfg = Release|Any CPU
		{B5567DC6-DFEB-42F8-A397-8E945012D259}.Release|iPhoneSimulator.Build.0 = Release|Any CPU
		{B5567DC6-DFEB-42F8-A397-8E945012D259}.Release|iPhoneSimulator.Deploy.0 = Release|Any CPU
		{B5567DC6-DFEB-42F8-A397-8E945012D259}.Release|x64.ActiveCfg = Release|Any CPU
		{B5567DC6-DFEB-42F8-A397-8E945012D259}.Release|x64.Build.0 = Release|Any CPU
		{B5567DC6-DFEB-42F8-A397-8E945012D259}.Release|x64.Deploy.0 = Release|Any CPU
		{B5567DC6-DFEB-42F8-A397-8E945012D259}.Release|x86.ActiveCfg = Release|Any CPU
		{B5567DC6-DFEB-42F8-A397-8E945012D259}.Release|x86.Build.0 = Release|Any CPU
		{B5567DC6-DFEB-42F8-A397-8E945012D259}.Release|x86.Deploy.0 = Release|Any CPU
	EndGlobalSection
	GlobalSection(SolutionProperties) = preSolution
		HideSolutionNode = FALSE
	EndGlobalSection
	GlobalSection(ExtensibilityGlobals) = postSolution
		SolutionGuid = {0419F1E7-2E50-49E6-BDBB-ABA0D7EC11DF}
	EndGlobalSection
EndGlobal
